Microsoft Visual Studio Solution File, Format Version 12.00
# Visual Studio 15
VisualStudioVersion = 15.0.27130.2026
MinimumVisualStudioVersion = 15.0.26124.0
Project("{FAE04EC0-301F-11D3-BF4B-00C04F79EFBC}") = "Sunburst.Win32UI.Core", "src\Sunburst.Win32UI.Core\Sunburst.Win32UI.Core.csproj", "{2C91B26B-D6FD-4C16-AACF-8166FFF54070}"
EndProject
Project("{FAE04EC0-301F-11D3-BF4B-00C04F79EFBC}") = "Sunburst.Win32UI.TaskDialogs", "src\Sunburst.Win32UI.TaskDialogs\Sunburst.Win32UI.TaskDialogs.csproj", "{81F2D565-3B17-4657-83CC-D1F3C06363B3}"
EndProject
Project("{2150E333-8FDC-42A3-9474-1A3956D46DE8}") = "samples", "samples", "{8D0269FB-ACD9-4045-A847-D3B0E5C2F263}"
EndProject
Project("{FAE04EC0-301F-11D3-BF4B-00C04F79EFBC}") = "Sunburst.Win32UI.SimpleTest", "samples\Sunburst.Win32UI.SimpleTest\Sunburst.Win32UI.SimpleTest.csproj", "{AE4842BA-B5D0-4291-B175-17E2CE93E8DA}"
EndProject
Project("{FAE04EC0-301F-11D3-BF4B-00C04F79EFBC}") = "Sunburst.Win32UI.Build.Tasks", "tools\Sunburst.Win32UI.Build.Tasks\Sunburst.Win32UI.Build.Tasks.csproj", "{9204C77D-C8A0-4535-A205-935675DB9C33}"
EndProject
Project("{2150E333-8FDC-42A3-9474-1A3956D46DE8}") = "build", "build", "{97DFB2B8-1A33-4F5C-94B0-353B4399C688}"
	ProjectSection(SolutionItems) = preProject
		src\Directory.Build.props = src\Directory.Build.props
		src\Directory.Build.targets = src\Directory.Build.targets
	EndProjectSection
EndProject
Global
	GlobalSection(SolutionConfigurationPlatforms) = preSolution
		Debug|Any CPU = Debug|Any CPU
		Debug|x64 = Debug|x64
		Debug|x86 = Debug|x86
		Release|Any CPU = Release|Any CPU
		Release|x64 = Release|x64
		Release|x86 = Release|x86
	EndGlobalSection
	GlobalSection(ProjectConfigurationPlatforms) = postSolution
		{2C91B26B-D6FD-4C16-AACF-8166FFF54070}.Debug|Any CPU.ActiveCfg = Debug|Any CPU
		{2C91B26B-D6FD-4C16-AACF-8166FFF54070}.Debug|Any CPU.Build.0 = Debug|Any CPU
		{2C91B26B-D6FD-4C16-AACF-8166FFF54070}.Debug|x64.ActiveCfg = Debug|Any CPU
		{2C91B26B-D6FD-4C16-AACF-8166FFF54070}.Debug|x64.Build.0 = Debug|Any CPU
		{2C91B26B-D6FD-4C16-AACF-8166FFF54070}.Debug|x86.ActiveCfg = Debug|Any CPU
		{2C91B26B-D6FD-4C16-AACF-8166FFF54070}.Debug|x86.Build.0 = Debug|Any CPU
		{2C91B26B-D6FD-4C16-AACF-8166FFF54070}.Release|Any CPU.ActiveCfg = Release|Any CPU
		{2C91B26B-D6FD-4C16-AACF-8166FFF54070}.Release|Any CPU.Build.0 = Release|Any CPU
		{2C91B26B-D6FD-4C16-AACF-8166FFF54070}.Release|x64.ActiveCfg = Release|Any CPU
		{2C91B26B-D6FD-4C16-AACF-8166FFF54070}.Release|x64.Build.0 = Release|Any CPU
		{2C91B26B-D6FD-4C16-AACF-8166FFF54070}.Release|x86.ActiveCfg = Release|Any CPU
		{2C91B26B-D6FD-4C16-AACF-8166FFF54070}.Release|x86.Build.0 = Release|Any CPU
		{81F2D565-3B17-4657-83CC-D1F3C06363B3}.Debug|Any CPU.ActiveCfg = Debug|Any CPU
		{81F2D565-3B17-4657-83CC-D1F3C06363B3}.Debug|Any CPU.Build.0 = Debug|Any CPU
		{81F2D565-3B17-4657-83CC-D1F3C06363B3}.Debug|x64.ActiveCfg = Debug|Any CPU
		{81F2D565-3B17-4657-83CC-D1F3C06363B3}.Debug|x64.Build.0 = Debug|Any CPU
		{81F2D565-3B17-4657-83CC-D1F3C06363B3}.Debug|x86.ActiveCfg = Debug|Any CPU
		{81F2D565-3B17-4657-83CC-D1F3C06363B3}.Debug|x86.Build.0 = Debug|Any CPU
		{81F2D565-3B17-4657-83CC-D1F3C06363B3}.Release|Any CPU.ActiveCfg = Release|Any CPU
		{81F2D565-3B17-4657-83CC-D1F3C06363B3}.Release|Any CPU.Build.0 = Release|Any CPU
		{81F2D565-3B17-4657-83CC-D1F3C06363B3}.Release|x64.ActiveCfg = Release|Any CPU
		{81F2D565-3B17-4657-83CC-D1F3C06363B3}.Release|x64.Build.0 = Release|Any CPU
		{81F2D565-3B17-4657-83CC-D1F3C06363B3}.Release|x86.ActiveCfg = Release|Any CPU
		{81F2D565-3B17-4657-83CC-D1F3C06363B3}.Release|x86.Build.0 = Release|Any CPU
		{AE4842BA-B5D0-4291-B175-17E2CE93E8DA}.Debug|Any CPU.ActiveCfg = Debug|Any CPU
		{AE4842BA-B5D0-4291-B175-17E2CE93E8DA}.Debug|Any CPU.Build.0 = Debug|Any CPU
		{AE4842BA-B5D0-4291-B175-17E2CE93E8DA}.Debug|x64.ActiveCfg = Debug|Any CPU
		{AE4842BA-B5D0-4291-B175-17E2CE93E8DA}.Debug|x64.Build.0 = Debug|Any CPU
		{AE4842BA-B5D0-4291-B175-17E2CE93E8DA}.Debug|x86.ActiveCfg = Debug|Any CPU
		{AE4842BA-B5D0-4291-B175-17E2CE93E8DA}.Debug|x86.Build.0 = Debug|Any CPU
		{AE4842BA-B5D0-4291-B175-17E2CE93E8DA}.Release|Any CPU.ActiveCfg = Release|Any CPU
		{AE4842BA-B5D0-4291-B175-17E2CE93E8DA}.Release|Any CPU.Build.0 = Release|Any CPU
		{AE4842BA-B5D0-4291-B175-17E2CE93E8DA}.Release|x64.ActiveCfg = Release|Any CPU
		{AE4842BA-B5D0-4291-B175-17E2CE93E8DA}.Release|x64.Build.0 = Release|Any CPU
		{AE4842BA-B5D0-4291-B175-17E2CE93E8DA}.Release|x86.ActiveCfg = Release|Any CPU
		{AE4842BA-B5D0-4291-B175-17E2CE93E8DA}.Release|x86.Build.0 = Release|Any CPU
		{9204C77D-C8A0-4535-A205-935675DB9C33}.Debug|Any CPU.ActiveCfg = Debug|Any CPU
		{9204C77D-C8A0-4535-A205-935675DB9C33}.Debug|Any CPU.Build.0 = Debug|Any CPU
		{9204C77D-C8A0-4535-A205-935675DB9C33}.Debug|x64.ActiveCfg = Debug|Any CPU
		{9204C77D-C8A0-4535-A205-935675DB9C33}.Debug|x64.Build.0 = Debug|Any CPU
		{9204C77D-C8A0-4535-A205-935675DB9C33}.Debug|x86.ActiveCfg = Debug|Any CPU
		{9204C77D-C8A0-4535-A205-935675DB9C33}.Debug|x86.Build.0 = Debug|Any CPU
		{9204C77D-C8A0-4535-A205-935675DB9C33}.Release|Any CPU.ActiveCfg = Release|Any CPU
		{9204C77D-C8A0-4535-A205-935675DB9C33}.Release|Any CPU.Build.0 = Release|Any CPU
		{9204C77D-C8A0-4535-A205-935675DB9C33}.Release|x64.ActiveCfg = Release|Any CPU
		{9204C77D-C8A0-4535-A205-935675DB9C33}.Release|x64.Build.0 = Release|Any CPU
		{9204C77D-C8A0-4535-A205-935675DB9C33}.Release|x86.ActiveCfg = Release|Any CPU
		{9204C77D-C8A0-4535-A205-935675DB9C33}.Release|x86.Build.0 = Release|Any CPU
	EndGlobalSection
	GlobalSection(SolutionProperties) = preSolution
		HideSolutionNode = FALSE
	EndGlobalSection
	GlobalSection(NestedProjects) = preSolution
		{AE4842BA-B5D0-4291-B175-17E2CE93E8DA} = {8D0269FB-ACD9-4045-A847-D3B0E5C2F263}
	EndGlobalSection
	GlobalSection(ExtensibilityGlobals) = postSolution
		SolutionGuid = {9651FA15-E618-406F-BCCC-4A12C349EA8A}
	EndGlobalSection
	GlobalSection(MonoDevelopProperties) = preSolution
		Policies = $0
		$0.TextStylePolicy = $1
		$1.TabsToSpaces = True
		$1.scope = text/x-csharp
	EndGlobalSection
EndGlobal
