Microsoft Visual Studio Solution File, Format Version 12.00
# Visual Studio 15
VisualStudioVersion = 15.0.26206.0
MinimumVisualStudioVersion = 15.0.26124.0
Project("{2150E333-8FDC-42A3-9474-1A3956D46DE8}") = "build_tools", "build_tools", "{FE883911-3D18-4C71-B682-B9847CCE2634}"
EndProject
Project("{9A19103F-16F7-4668-BE54-9A1E7A4F7556}") = "Win32UI.Build.NativeResources", "src\build_tools\Win32UI.Build.NativeResources\Win32UI.Build.NativeResources.csproj", "{7980DAA5-281A-49DE-AFE5-F31A50759A37}"
EndProject
Project("{9A19103F-16F7-4668-BE54-9A1E7A4F7556}") = "Win32UI.Build.Tasks", "src\build_tools\Win32UI.Build.Tasks\Win32UI.Build.Tasks.csproj", "{C48B540D-3EB6-433A-A048-E1B84152DBFE}"
EndProject
Project("{9A19103F-16F7-4668-BE54-9A1E7A4F7556}") = "Microsoft.GDIPlus", "src\Microsoft.GDIPlus\Microsoft.GDIPlus.csproj", "{AAB1FDF6-B75A-4503-B074-81C13D763B5F}"
EndProject
Project("{9A19103F-16F7-4668-BE54-9A1E7A4F7556}") = "Win32UI.Aero", "src\Win32UI.Aero\Win32UI.Aero.csproj", "{82C94DDD-4161-487E-BFBE-E680C65C75D4}"
EndProject
Project("{9A19103F-16F7-4668-BE54-9A1E7A4F7556}") = "Win32UI.BufferedGraphics", "src\Win32UI.BufferedGraphics\Win32UI.BufferedGraphics.csproj", "{6286405F-9921-4C62-86CE-B45B955B4293}"
EndProject
Project("{9A19103F-16F7-4668-BE54-9A1E7A4F7556}") = "Win32UI.Controls", "src\Win32UI.Controls\Win32UI.Controls.csproj", "{2877ED66-20BF-4825-AC54-6CA97E61FCDC}"
EndProject
Project("{9A19103F-16F7-4668-BE54-9A1E7A4F7556}") = "Win32UI.Core", "src\Win32UI.Core\Win32UI.Core.csproj", "{DDF93468-B884-4EF0-96C1-9453A51B076B}"
EndProject
Project("{9A19103F-16F7-4668-BE54-9A1E7A4F7556}") = "Win32UI.CustomControl", "src\Win32UI.CustomControl\Win32UI.CustomControl.csproj", "{A3700FC5-8FBB-4313-B9F8-AD70A923B12B}"
EndProject
Project("{9A19103F-16F7-4668-BE54-9A1E7A4F7556}") = "Win32UI.Dialogs", "src\Win32UI.Dialogs\Win32UI.Dialogs.csproj", "{286A2A07-F69E-415F-BD59-64E9295879BE}"
EndProject
Project("{9A19103F-16F7-4668-BE54-9A1E7A4F7556}") = "Win32UI.EventedWindow", "src\Win32UI.EventedWindow\Win32UI.EventedWindow.csproj", "{FE4FBA49-C30E-4AEE-93B1-1017EBCA8132}"
EndProject
Project("{9A19103F-16F7-4668-BE54-9A1E7A4F7556}") = "Win32UI.Graphics", "src\Win32UI.Graphics\Win32UI.Graphics.csproj", "{2ABABBB6-9E9C-463D-B173-3E4BB8283F95}"
EndProject
Project("{9A19103F-16F7-4668-BE54-9A1E7A4F7556}") = "Win32UI.ImageList", "src\Win32UI.ImageList\Win32UI.ImageList.csproj", "{79F7469A-1883-416F-8E4B-D9AC62A64FD1}"
EndProject
Project("{9A19103F-16F7-4668-BE54-9A1E7A4F7556}") = "Win32UI.LayoutContainers", "src\Win32UI.LayoutContainers\Win32UI.LayoutContainers.csproj", "{57741F53-F4DB-4890-9467-4492FBA0DEA7}"
EndProject
Project("{9A19103F-16F7-4668-BE54-9A1E7A4F7556}") = "Win32UI.Menus", "src\Win32UI.Menus\Win32UI.Menus.csproj", "{247E4C99-EBBD-42B0-A26D-7E7EA40E79FA}"
EndProject
Project("{9A19103F-16F7-4668-BE54-9A1E7A4F7556}") = "Win32UI.MessageBox", "src\Win32UI.MessageBox\Win32UI.MessageBox.csproj", "{27531448-ECE4-400E-8DF1-3B6D5D0F829A}"
EndProject
Project("{9A19103F-16F7-4668-BE54-9A1E7A4F7556}") = "Win32UI.Support", "src\Win32UI.Support\Win32UI.Support.csproj", "{5E9257CD-74F8-4F2F-96CA-D6869600185F}"
EndProject
Project("{9A19103F-16F7-4668-BE54-9A1E7A4F7556}") = "Win32UI.TaskDialogs", "src\Win32UI.TaskDialogs\Win32UI.TaskDialogs.csproj", "{05244D9A-6D38-4A7D-A68E-849925A6C44D}"
EndProject
Project("{9A19103F-16F7-4668-BE54-9A1E7A4F7556}") = "Win32UI.Theming", "src\Win32UI.Theming\Win32UI.Theming.csproj", "{B8A6DD38-CAC3-4CDF-B4F7-0B845F0CA32E}"
EndProject
Project("{9A19103F-16F7-4668-BE54-9A1E7A4F7556}") = "Win32UI.Application", "src\Win32UI.Application\Win32UI.Application.csproj", "{59CCF002-6EB1-4C65-AD90-0671F648289C}"
EndProject
Project("{2150E333-8FDC-42A3-9474-1A3956D46DE8}") = "samples", "samples", "{73118EA4-2427-4522-8C8A-6C85B6C39CA6}"
EndProject
Project("{9A19103F-16F7-4668-BE54-9A1E7A4F7556}") = "Win32UI.SimpleTest", "src\samples\Win32UI.SimpleTest\Win32UI.SimpleTest.csproj", "{4D5BCAFD-BEC1-41D7-9311-AE3F9C813B75}"
EndProject
Project("{9A19103F-16F7-4668-BE54-9A1E7A4F7556}") = "Win32UI.WindowsShell", "src\Win32UI.WindowsShell\Win32UI.WindowsShell.csproj", "{94AF155E-0622-4A8C-9539-1972F96F7583}"
EndProject
Global
	GlobalSection(SolutionConfigurationPlatforms) = preSolution
		Debug|Any CPU = Debug|Any CPU
		Debug|x64 = Debug|x64
		Debug|x86 = Debug|x86
		Release|Any CPU = Release|Any CPU
		Release|x64 = Release|x64
		Release|x86 = Release|x86
	EndGlobalSection
	GlobalSection(ProjectConfigurationPlatforms) = postSolution
		{7980DAA5-281A-49DE-AFE5-F31A50759A37}.Debug|Any CPU.ActiveCfg = Debug|Any CPU
		{7980DAA5-281A-49DE-AFE5-F31A50759A37}.Debug|Any CPU.Build.0 = Debug|Any CPU
		{7980DAA5-281A-49DE-AFE5-F31A50759A37}.Debug|x64.ActiveCfg = Debug|x64
		{7980DAA5-281A-49DE-AFE5-F31A50759A37}.Debug|x64.Build.0 = Debug|x64
		{7980DAA5-281A-49DE-AFE5-F31A50759A37}.Debug|x86.ActiveCfg = Debug|x86
		{7980DAA5-281A-49DE-AFE5-F31A50759A37}.Debug|x86.Build.0 = Debug|x86
		{7980DAA5-281A-49DE-AFE5-F31A50759A37}.Release|Any CPU.ActiveCfg = Release|Any CPU
		{7980DAA5-281A-49DE-AFE5-F31A50759A37}.Release|Any CPU.Build.0 = Release|Any CPU
		{7980DAA5-281A-49DE-AFE5-F31A50759A37}.Release|x64.ActiveCfg = Release|x64
		{7980DAA5-281A-49DE-AFE5-F31A50759A37}.Release|x64.Build.0 = Release|x64
		{7980DAA5-281A-49DE-AFE5-F31A50759A37}.Release|x86.ActiveCfg = Release|x86
		{7980DAA5-281A-49DE-AFE5-F31A50759A37}.Release|x86.Build.0 = Release|x86
		{C48B540D-3EB6-433A-A048-E1B84152DBFE}.Debug|Any CPU.ActiveCfg = Debug|Any CPU
		{C48B540D-3EB6-433A-A048-E1B84152DBFE}.Debug|Any CPU.Build.0 = Debug|Any CPU
		{C48B540D-3EB6-433A-A048-E1B84152DBFE}.Debug|x64.ActiveCfg = Debug|x64
		{C48B540D-3EB6-433A-A048-E1B84152DBFE}.Debug|x64.Build.0 = Debug|x64
		{C48B540D-3EB6-433A-A048-E1B84152DBFE}.Debug|x86.ActiveCfg = Debug|x86
		{C48B540D-3EB6-433A-A048-E1B84152DBFE}.Debug|x86.Build.0 = Debug|x86
		{C48B540D-3EB6-433A-A048-E1B84152DBFE}.Release|Any CPU.ActiveCfg = Release|Any CPU
		{C48B540D-3EB6-433A-A048-E1B84152DBFE}.Release|Any CPU.Build.0 = Release|Any CPU
		{C48B540D-3EB6-433A-A048-E1B84152DBFE}.Release|x64.ActiveCfg = Release|x64
		{C48B540D-3EB6-433A-A048-E1B84152DBFE}.Release|x64.Build.0 = Release|x64
		{C48B540D-3EB6-433A-A048-E1B84152DBFE}.Release|x86.ActiveCfg = Release|x86
		{C48B540D-3EB6-433A-A048-E1B84152DBFE}.Release|x86.Build.0 = Release|x86
		{AAB1FDF6-B75A-4503-B074-81C13D763B5F}.Debug|Any CPU.ActiveCfg = Debug|Any CPU
		{AAB1FDF6-B75A-4503-B074-81C13D763B5F}.Debug|Any CPU.Build.0 = Debug|Any CPU
		{AAB1FDF6-B75A-4503-B074-81C13D763B5F}.Debug|x64.ActiveCfg = Debug|x64
		{AAB1FDF6-B75A-4503-B074-81C13D763B5F}.Debug|x64.Build.0 = Debug|x64
		{AAB1FDF6-B75A-4503-B074-81C13D763B5F}.Debug|x86.ActiveCfg = Debug|x86
		{AAB1FDF6-B75A-4503-B074-81C13D763B5F}.Debug|x86.Build.0 = Debug|x86
		{AAB1FDF6-B75A-4503-B074-81C13D763B5F}.Release|Any CPU.ActiveCfg = Release|Any CPU
		{AAB1FDF6-B75A-4503-B074-81C13D763B5F}.Release|Any CPU.Build.0 = Release|Any CPU
		{AAB1FDF6-B75A-4503-B074-81C13D763B5F}.Release|x64.ActiveCfg = Release|x64
		{AAB1FDF6-B75A-4503-B074-81C13D763B5F}.Release|x64.Build.0 = Release|x64
		{AAB1FDF6-B75A-4503-B074-81C13D763B5F}.Release|x86.ActiveCfg = Release|x86
		{AAB1FDF6-B75A-4503-B074-81C13D763B5F}.Release|x86.Build.0 = Release|x86
		{82C94DDD-4161-487E-BFBE-E680C65C75D4}.Debug|Any CPU.ActiveCfg = Debug|Any CPU
		{82C94DDD-4161-487E-BFBE-E680C65C75D4}.Debug|Any CPU.Build.0 = Debug|Any CPU
		{82C94DDD-4161-487E-BFBE-E680C65C75D4}.Debug|x64.ActiveCfg = Debug|x64
		{82C94DDD-4161-487E-BFBE-E680C65C75D4}.Debug|x64.Build.0 = Debug|x64
		{82C94DDD-4161-487E-BFBE-E680C65C75D4}.Debug|x86.ActiveCfg = Debug|x86
		{82C94DDD-4161-487E-BFBE-E680C65C75D4}.Debug|x86.Build.0 = Debug|x86
		{82C94DDD-4161-487E-BFBE-E680C65C75D4}.Release|Any CPU.ActiveCfg = Release|Any CPU
		{82C94DDD-4161-487E-BFBE-E680C65C75D4}.Release|Any CPU.Build.0 = Release|Any CPU
		{82C94DDD-4161-487E-BFBE-E680C65C75D4}.Release|x64.ActiveCfg = Release|x64
		{82C94DDD-4161-487E-BFBE-E680C65C75D4}.Release|x64.Build.0 = Release|x64
		{82C94DDD-4161-487E-BFBE-E680C65C75D4}.Release|x86.ActiveCfg = Release|x86
		{82C94DDD-4161-487E-BFBE-E680C65C75D4}.Release|x86.Build.0 = Release|x86
		{6286405F-9921-4C62-86CE-B45B955B4293}.Debug|Any CPU.ActiveCfg = Debug|Any CPU
		{6286405F-9921-4C62-86CE-B45B955B4293}.Debug|Any CPU.Build.0 = Debug|Any CPU
		{6286405F-9921-4C62-86CE-B45B955B4293}.Debug|x64.ActiveCfg = Debug|x64
		{6286405F-9921-4C62-86CE-B45B955B4293}.Debug|x64.Build.0 = Debug|x64
		{6286405F-9921-4C62-86CE-B45B955B4293}.Debug|x86.ActiveCfg = Debug|x86
		{6286405F-9921-4C62-86CE-B45B955B4293}.Debug|x86.Build.0 = Debug|x86
		{6286405F-9921-4C62-86CE-B45B955B4293}.Release|Any CPU.ActiveCfg = Release|Any CPU
		{6286405F-9921-4C62-86CE-B45B955B4293}.Release|Any CPU.Build.0 = Release|Any CPU
		{6286405F-9921-4C62-86CE-B45B955B4293}.Release|x64.ActiveCfg = Release|x64
		{6286405F-9921-4C62-86CE-B45B955B4293}.Release|x64.Build.0 = Release|x64
		{6286405F-9921-4C62-86CE-B45B955B4293}.Release|x86.ActiveCfg = Release|x86
		{6286405F-9921-4C62-86CE-B45B955B4293}.Release|x86.Build.0 = Release|x86
		{2877ED66-20BF-4825-AC54-6CA97E61FCDC}.Debug|Any CPU.ActiveCfg = Debug|Any CPU
		{2877ED66-20BF-4825-AC54-6CA97E61FCDC}.Debug|Any CPU.Build.0 = Debug|Any CPU
		{2877ED66-20BF-4825-AC54-6CA97E61FCDC}.Debug|x64.ActiveCfg = Debug|x64
		{2877ED66-20BF-4825-AC54-6CA97E61FCDC}.Debug|x64.Build.0 = Debug|x64
		{2877ED66-20BF-4825-AC54-6CA97E61FCDC}.Debug|x86.ActiveCfg = Debug|x86
		{2877ED66-20BF-4825-AC54-6CA97E61FCDC}.Debug|x86.Build.0 = Debug|x86
		{2877ED66-20BF-4825-AC54-6CA97E61FCDC}.Release|Any CPU.ActiveCfg = Release|Any CPU
		{2877ED66-20BF-4825-AC54-6CA97E61FCDC}.Release|Any CPU.Build.0 = Release|Any CPU
		{2877ED66-20BF-4825-AC54-6CA97E61FCDC}.Release|x64.ActiveCfg = Release|x64
		{2877ED66-20BF-4825-AC54-6CA97E61FCDC}.Release|x64.Build.0 = Release|x64
		{2877ED66-20BF-4825-AC54-6CA97E61FCDC}.Release|x86.ActiveCfg = Release|x86
		{2877ED66-20BF-4825-AC54-6CA97E61FCDC}.Release|x86.Build.0 = Release|x86
		{DDF93468-B884-4EF0-96C1-9453A51B076B}.Debug|Any CPU.ActiveCfg = Debug|Any CPU
		{DDF93468-B884-4EF0-96C1-9453A51B076B}.Debug|Any CPU.Build.0 = Debug|Any CPU
		{DDF93468-B884-4EF0-96C1-9453A51B076B}.Debug|x64.ActiveCfg = Debug|x64
		{DDF93468-B884-4EF0-96C1-9453A51B076B}.Debug|x64.Build.0 = Debug|x64
		{DDF93468-B884-4EF0-96C1-9453A51B076B}.Debug|x86.ActiveCfg = Debug|x86
		{DDF93468-B884-4EF0-96C1-9453A51B076B}.Debug|x86.Build.0 = Debug|x86
		{DDF93468-B884-4EF0-96C1-9453A51B076B}.Release|Any CPU.ActiveCfg = Release|Any CPU
		{DDF93468-B884-4EF0-96C1-9453A51B076B}.Release|Any CPU.Build.0 = Release|Any CPU
		{DDF93468-B884-4EF0-96C1-9453A51B076B}.Release|x64.ActiveCfg = Release|x64
		{DDF93468-B884-4EF0-96C1-9453A51B076B}.Release|x64.Build.0 = Release|x64
		{DDF93468-B884-4EF0-96C1-9453A51B076B}.Release|x86.ActiveCfg = Release|x86
		{DDF93468-B884-4EF0-96C1-9453A51B076B}.Release|x86.Build.0 = Release|x86
		{A3700FC5-8FBB-4313-B9F8-AD70A923B12B}.Debug|Any CPU.ActiveCfg = Debug|Any CPU
		{A3700FC5-8FBB-4313-B9F8-AD70A923B12B}.Debug|Any CPU.Build.0 = Debug|Any CPU
		{A3700FC5-8FBB-4313-B9F8-AD70A923B12B}.Debug|x64.ActiveCfg = Debug|x64
		{A3700FC5-8FBB-4313-B9F8-AD70A923B12B}.Debug|x64.Build.0 = Debug|x64
		{A3700FC5-8FBB-4313-B9F8-AD70A923B12B}.Debug|x86.ActiveCfg = Debug|x86
		{A3700FC5-8FBB-4313-B9F8-AD70A923B12B}.Debug|x86.Build.0 = Debug|x86
		{A3700FC5-8FBB-4313-B9F8-AD70A923B12B}.Release|Any CPU.ActiveCfg = Release|Any CPU
		{A3700FC5-8FBB-4313-B9F8-AD70A923B12B}.Release|Any CPU.Build.0 = Release|Any CPU
		{A3700FC5-8FBB-4313-B9F8-AD70A923B12B}.Release|x64.ActiveCfg = Release|x64
		{A3700FC5-8FBB-4313-B9F8-AD70A923B12B}.Release|x64.Build.0 = Release|x64
		{A3700FC5-8FBB-4313-B9F8-AD70A923B12B}.Release|x86.ActiveCfg = Release|x86
		{A3700FC5-8FBB-4313-B9F8-AD70A923B12B}.Release|x86.Build.0 = Release|x86
		{286A2A07-F69E-415F-BD59-64E9295879BE}.Debug|Any CPU.ActiveCfg = Debug|Any CPU
		{286A2A07-F69E-415F-BD59-64E9295879BE}.Debug|Any CPU.Build.0 = Debug|Any CPU
		{286A2A07-F69E-415F-BD59-64E9295879BE}.Debug|x64.ActiveCfg = Debug|x64
		{286A2A07-F69E-415F-BD59-64E9295879BE}.Debug|x64.Build.0 = Debug|x64
		{286A2A07-F69E-415F-BD59-64E9295879BE}.Debug|x86.ActiveCfg = Debug|x86
		{286A2A07-F69E-415F-BD59-64E9295879BE}.Debug|x86.Build.0 = Debug|x86
		{286A2A07-F69E-415F-BD59-64E9295879BE}.Release|Any CPU.ActiveCfg = Release|Any CPU
		{286A2A07-F69E-415F-BD59-64E9295879BE}.Release|Any CPU.Build.0 = Release|Any CPU
		{286A2A07-F69E-415F-BD59-64E9295879BE}.Release|x64.ActiveCfg = Release|x64
		{286A2A07-F69E-415F-BD59-64E9295879BE}.Release|x64.Build.0 = Release|x64
		{286A2A07-F69E-415F-BD59-64E9295879BE}.Release|x86.ActiveCfg = Release|x86
		{286A2A07-F69E-415F-BD59-64E9295879BE}.Release|x86.Build.0 = Release|x86
		{FE4FBA49-C30E-4AEE-93B1-1017EBCA8132}.Debug|Any CPU.ActiveCfg = Debug|Any CPU
		{FE4FBA49-C30E-4AEE-93B1-1017EBCA8132}.Debug|Any CPU.Build.0 = Debug|Any CPU
		{FE4FBA49-C30E-4AEE-93B1-1017EBCA8132}.Debug|x64.ActiveCfg = Debug|x64
		{FE4FBA49-C30E-4AEE-93B1-1017EBCA8132}.Debug|x64.Build.0 = Debug|x64
		{FE4FBA49-C30E-4AEE-93B1-1017EBCA8132}.Debug|x86.ActiveCfg = Debug|x86
		{FE4FBA49-C30E-4AEE-93B1-1017EBCA8132}.Debug|x86.Build.0 = Debug|x86
		{FE4FBA49-C30E-4AEE-93B1-1017EBCA8132}.Release|Any CPU.ActiveCfg = Release|Any CPU
		{FE4FBA49-C30E-4AEE-93B1-1017EBCA8132}.Release|Any CPU.Build.0 = Release|Any CPU
		{FE4FBA49-C30E-4AEE-93B1-1017EBCA8132}.Release|x64.ActiveCfg = Release|x64
		{FE4FBA49-C30E-4AEE-93B1-1017EBCA8132}.Release|x64.Build.0 = Release|x64
		{FE4FBA49-C30E-4AEE-93B1-1017EBCA8132}.Release|x86.ActiveCfg = Release|x86
		{FE4FBA49-C30E-4AEE-93B1-1017EBCA8132}.Release|x86.Build.0 = Release|x86
		{2ABABBB6-9E9C-463D-B173-3E4BB8283F95}.Debug|Any CPU.ActiveCfg = Debug|Any CPU
		{2ABABBB6-9E9C-463D-B173-3E4BB8283F95}.Debug|Any CPU.Build.0 = Debug|Any CPU
		{2ABABBB6-9E9C-463D-B173-3E4BB8283F95}.Debug|x64.ActiveCfg = Debug|x64
		{2ABABBB6-9E9C-463D-B173-3E4BB8283F95}.Debug|x64.Build.0 = Debug|x64
		{2ABABBB6-9E9C-463D-B173-3E4BB8283F95}.Debug|x86.ActiveCfg = Debug|x86
		{2ABABBB6-9E9C-463D-B173-3E4BB8283F95}.Debug|x86.Build.0 = Debug|x86
		{2ABABBB6-9E9C-463D-B173-3E4BB8283F95}.Release|Any CPU.ActiveCfg = Release|Any CPU
		{2ABABBB6-9E9C-463D-B173-3E4BB8283F95}.Release|Any CPU.Build.0 = Release|Any CPU
		{2ABABBB6-9E9C-463D-B173-3E4BB8283F95}.Release|x64.ActiveCfg = Release|x64
		{2ABABBB6-9E9C-463D-B173-3E4BB8283F95}.Release|x64.Build.0 = Release|x64
		{2ABABBB6-9E9C-463D-B173-3E4BB8283F95}.Release|x86.ActiveCfg = Release|x86
		{2ABABBB6-9E9C-463D-B173-3E4BB8283F95}.Release|x86.Build.0 = Release|x86
		{79F7469A-1883-416F-8E4B-D9AC62A64FD1}.Debug|Any CPU.ActiveCfg = Debug|Any CPU
		{79F7469A-1883-416F-8E4B-D9AC62A64FD1}.Debug|Any CPU.Build.0 = Debug|Any CPU
		{79F7469A-1883-416F-8E4B-D9AC62A64FD1}.Debug|x64.ActiveCfg = Debug|x64
		{79F7469A-1883-416F-8E4B-D9AC62A64FD1}.Debug|x64.Build.0 = Debug|x64
		{79F7469A-1883-416F-8E4B-D9AC62A64FD1}.Debug|x86.ActiveCfg = Debug|x86
		{79F7469A-1883-416F-8E4B-D9AC62A64FD1}.Debug|x86.Build.0 = Debug|x86
		{79F7469A-1883-416F-8E4B-D9AC62A64FD1}.Release|Any CPU.ActiveCfg = Release|Any CPU
		{79F7469A-1883-416F-8E4B-D9AC62A64FD1}.Release|Any CPU.Build.0 = Release|Any CPU
		{79F7469A-1883-416F-8E4B-D9AC62A64FD1}.Release|x64.ActiveCfg = Release|x64
		{79F7469A-1883-416F-8E4B-D9AC62A64FD1}.Release|x64.Build.0 = Release|x64
		{79F7469A-1883-416F-8E4B-D9AC62A64FD1}.Release|x86.ActiveCfg = Release|x86
		{79F7469A-1883-416F-8E4B-D9AC62A64FD1}.Release|x86.Build.0 = Release|x86
		{57741F53-F4DB-4890-9467-4492FBA0DEA7}.Debug|Any CPU.ActiveCfg = Debug|Any CPU
		{57741F53-F4DB-4890-9467-4492FBA0DEA7}.Debug|Any CPU.Build.0 = Debug|Any CPU
		{57741F53-F4DB-4890-9467-4492FBA0DEA7}.Debug|x64.ActiveCfg = Debug|x64
		{57741F53-F4DB-4890-9467-4492FBA0DEA7}.Debug|x64.Build.0 = Debug|x64
		{57741F53-F4DB-4890-9467-4492FBA0DEA7}.Debug|x86.ActiveCfg = Debug|x86
		{57741F53-F4DB-4890-9467-4492FBA0DEA7}.Debug|x86.Build.0 = Debug|x86
		{57741F53-F4DB-4890-9467-4492FBA0DEA7}.Release|Any CPU.ActiveCfg = Release|Any CPU
		{57741F53-F4DB-4890-9467-4492FBA0DEA7}.Release|Any CPU.Build.0 = Release|Any CPU
		{57741F53-F4DB-4890-9467-4492FBA0DEA7}.Release|x64.ActiveCfg = Release|x64
		{57741F53-F4DB-4890-9467-4492FBA0DEA7}.Release|x64.Build.0 = Release|x64
		{57741F53-F4DB-4890-9467-4492FBA0DEA7}.Release|x86.ActiveCfg = Release|x86
		{57741F53-F4DB-4890-9467-4492FBA0DEA7}.Release|x86.Build.0 = Release|x86
		{247E4C99-EBBD-42B0-A26D-7E7EA40E79FA}.Debug|Any CPU.ActiveCfg = Debug|Any CPU
		{247E4C99-EBBD-42B0-A26D-7E7EA40E79FA}.Debug|Any CPU.Build.0 = Debug|Any CPU
		{247E4C99-EBBD-42B0-A26D-7E7EA40E79FA}.Debug|x64.ActiveCfg = Debug|x64
		{247E4C99-EBBD-42B0-A26D-7E7EA40E79FA}.Debug|x64.Build.0 = Debug|x64
		{247E4C99-EBBD-42B0-A26D-7E7EA40E79FA}.Debug|x86.ActiveCfg = Debug|x86
		{247E4C99-EBBD-42B0-A26D-7E7EA40E79FA}.Debug|x86.Build.0 = Debug|x86
		{247E4C99-EBBD-42B0-A26D-7E7EA40E79FA}.Release|Any CPU.ActiveCfg = Release|Any CPU
		{247E4C99-EBBD-42B0-A26D-7E7EA40E79FA}.Release|Any CPU.Build.0 = Release|Any CPU
		{247E4C99-EBBD-42B0-A26D-7E7EA40E79FA}.Release|x64.ActiveCfg = Release|x64
		{247E4C99-EBBD-42B0-A26D-7E7EA40E79FA}.Release|x64.Build.0 = Release|x64
		{247E4C99-EBBD-42B0-A26D-7E7EA40E79FA}.Release|x86.ActiveCfg = Release|x86
		{247E4C99-EBBD-42B0-A26D-7E7EA40E79FA}.Release|x86.Build.0 = Release|x86
		{27531448-ECE4-400E-8DF1-3B6D5D0F829A}.Debug|Any CPU.ActiveCfg = Debug|Any CPU
		{27531448-ECE4-400E-8DF1-3B6D5D0F829A}.Debug|Any CPU.Build.0 = Debug|Any CPU
		{27531448-ECE4-400E-8DF1-3B6D5D0F829A}.Debug|x64.ActiveCfg = Debug|x64
		{27531448-ECE4-400E-8DF1-3B6D5D0F829A}.Debug|x64.Build.0 = Debug|x64
		{27531448-ECE4-400E-8DF1-3B6D5D0F829A}.Debug|x86.ActiveCfg = Debug|x86
		{27531448-ECE4-400E-8DF1-3B6D5D0F829A}.Debug|x86.Build.0 = Debug|x86
		{27531448-ECE4-400E-8DF1-3B6D5D0F829A}.Release|Any CPU.ActiveCfg = Release|Any CPU
		{27531448-ECE4-400E-8DF1-3B6D5D0F829A}.Release|Any CPU.Build.0 = Release|Any CPU
		{27531448-ECE4-400E-8DF1-3B6D5D0F829A}.Release|x64.ActiveCfg = Release|x64
		{27531448-ECE4-400E-8DF1-3B6D5D0F829A}.Release|x64.Build.0 = Release|x64
		{27531448-ECE4-400E-8DF1-3B6D5D0F829A}.Release|x86.ActiveCfg = Release|x86
		{27531448-ECE4-400E-8DF1-3B6D5D0F829A}.Release|x86.Build.0 = Release|x86
		{5E9257CD-74F8-4F2F-96CA-D6869600185F}.Debug|Any CPU.ActiveCfg = Debug|Any CPU
		{5E9257CD-74F8-4F2F-96CA-D6869600185F}.Debug|Any CPU.Build.0 = Debug|Any CPU
		{5E9257CD-74F8-4F2F-96CA-D6869600185F}.Debug|x64.ActiveCfg = Debug|x64
		{5E9257CD-74F8-4F2F-96CA-D6869600185F}.Debug|x64.Build.0 = Debug|x64
		{5E9257CD-74F8-4F2F-96CA-D6869600185F}.Debug|x86.ActiveCfg = Debug|x86
		{5E9257CD-74F8-4F2F-96CA-D6869600185F}.Debug|x86.Build.0 = Debug|x86
		{5E9257CD-74F8-4F2F-96CA-D6869600185F}.Release|Any CPU.ActiveCfg = Release|Any CPU
		{5E9257CD-74F8-4F2F-96CA-D6869600185F}.Release|Any CPU.Build.0 = Release|Any CPU
		{5E9257CD-74F8-4F2F-96CA-D6869600185F}.Release|x64.ActiveCfg = Release|x64
		{5E9257CD-74F8-4F2F-96CA-D6869600185F}.Release|x64.Build.0 = Release|x64
		{5E9257CD-74F8-4F2F-96CA-D6869600185F}.Release|x86.ActiveCfg = Release|x86
		{5E9257CD-74F8-4F2F-96CA-D6869600185F}.Release|x86.Build.0 = Release|x86
		{05244D9A-6D38-4A7D-A68E-849925A6C44D}.Debug|Any CPU.ActiveCfg = Debug|Any CPU
		{05244D9A-6D38-4A7D-A68E-849925A6C44D}.Debug|Any CPU.Build.0 = Debug|Any CPU
		{05244D9A-6D38-4A7D-A68E-849925A6C44D}.Debug|x64.ActiveCfg = Debug|x64
		{05244D9A-6D38-4A7D-A68E-849925A6C44D}.Debug|x64.Build.0 = Debug|x64
		{05244D9A-6D38-4A7D-A68E-849925A6C44D}.Debug|x86.ActiveCfg = Debug|x86
		{05244D9A-6D38-4A7D-A68E-849925A6C44D}.Debug|x86.Build.0 = Debug|x86
		{05244D9A-6D38-4A7D-A68E-849925A6C44D}.Release|Any CPU.ActiveCfg = Release|Any CPU
		{05244D9A-6D38-4A7D-A68E-849925A6C44D}.Release|Any CPU.Build.0 = Release|Any CPU
		{05244D9A-6D38-4A7D-A68E-849925A6C44D}.Release|x64.ActiveCfg = Release|x64
		{05244D9A-6D38-4A7D-A68E-849925A6C44D}.Release|x64.Build.0 = Release|x64
		{05244D9A-6D38-4A7D-A68E-849925A6C44D}.Release|x86.ActiveCfg = Release|x86
		{05244D9A-6D38-4A7D-A68E-849925A6C44D}.Release|x86.Build.0 = Release|x86
		{B8A6DD38-CAC3-4CDF-B4F7-0B845F0CA32E}.Debug|Any CPU.ActiveCfg = Debug|Any CPU
		{B8A6DD38-CAC3-4CDF-B4F7-0B845F0CA32E}.Debug|Any CPU.Build.0 = Debug|Any CPU
		{B8A6DD38-CAC3-4CDF-B4F7-0B845F0CA32E}.Debug|x64.ActiveCfg = Debug|x64
		{B8A6DD38-CAC3-4CDF-B4F7-0B845F0CA32E}.Debug|x64.Build.0 = Debug|x64
		{B8A6DD38-CAC3-4CDF-B4F7-0B845F0CA32E}.Debug|x86.ActiveCfg = Debug|x86
		{B8A6DD38-CAC3-4CDF-B4F7-0B845F0CA32E}.Debug|x86.Build.0 = Debug|x86
		{B8A6DD38-CAC3-4CDF-B4F7-0B845F0CA32E}.Release|Any CPU.ActiveCfg = Release|Any CPU
		{B8A6DD38-CAC3-4CDF-B4F7-0B845F0CA32E}.Release|Any CPU.Build.0 = Release|Any CPU
		{B8A6DD38-CAC3-4CDF-B4F7-0B845F0CA32E}.Release|x64.ActiveCfg = Release|x64
		{B8A6DD38-CAC3-4CDF-B4F7-0B845F0CA32E}.Release|x64.Build.0 = Release|x64
		{B8A6DD38-CAC3-4CDF-B4F7-0B845F0CA32E}.Release|x86.ActiveCfg = Release|x86
		{B8A6DD38-CAC3-4CDF-B4F7-0B845F0CA32E}.Release|x86.Build.0 = Release|x86
		{59CCF002-6EB1-4C65-AD90-0671F648289C}.Debug|Any CPU.ActiveCfg = Debug|Any CPU
		{59CCF002-6EB1-4C65-AD90-0671F648289C}.Debug|Any CPU.Build.0 = Debug|Any CPU
		{59CCF002-6EB1-4C65-AD90-0671F648289C}.Debug|x64.ActiveCfg = Debug|x64
		{59CCF002-6EB1-4C65-AD90-0671F648289C}.Debug|x64.Build.0 = Debug|x64
		{59CCF002-6EB1-4C65-AD90-0671F648289C}.Debug|x86.ActiveCfg = Debug|x86
		{59CCF002-6EB1-4C65-AD90-0671F648289C}.Debug|x86.Build.0 = Debug|x86
		{59CCF002-6EB1-4C65-AD90-0671F648289C}.Release|Any CPU.ActiveCfg = Release|Any CPU
		{59CCF002-6EB1-4C65-AD90-0671F648289C}.Release|Any CPU.Build.0 = Release|Any CPU
		{59CCF002-6EB1-4C65-AD90-0671F648289C}.Release|x64.ActiveCfg = Release|x64
		{59CCF002-6EB1-4C65-AD90-0671F648289C}.Release|x64.Build.0 = Release|x64
		{59CCF002-6EB1-4C65-AD90-0671F648289C}.Release|x86.ActiveCfg = Release|x86
		{59CCF002-6EB1-4C65-AD90-0671F648289C}.Release|x86.Build.0 = Release|x86
		{4D5BCAFD-BEC1-41D7-9311-AE3F9C813B75}.Debug|Any CPU.ActiveCfg = Debug|Any CPU
		{4D5BCAFD-BEC1-41D7-9311-AE3F9C813B75}.Debug|Any CPU.Build.0 = Debug|Any CPU
		{4D5BCAFD-BEC1-41D7-9311-AE3F9C813B75}.Debug|x64.ActiveCfg = Debug|x64
		{4D5BCAFD-BEC1-41D7-9311-AE3F9C813B75}.Debug|x64.Build.0 = Debug|x64
		{4D5BCAFD-BEC1-41D7-9311-AE3F9C813B75}.Debug|x86.ActiveCfg = Debug|x86
		{4D5BCAFD-BEC1-41D7-9311-AE3F9C813B75}.Debug|x86.Build.0 = Debug|x86
		{4D5BCAFD-BEC1-41D7-9311-AE3F9C813B75}.Release|Any CPU.ActiveCfg = Release|Any CPU
		{4D5BCAFD-BEC1-41D7-9311-AE3F9C813B75}.Release|Any CPU.Build.0 = Release|Any CPU
		{4D5BCAFD-BEC1-41D7-9311-AE3F9C813B75}.Release|x64.ActiveCfg = Release|x64
		{4D5BCAFD-BEC1-41D7-9311-AE3F9C813B75}.Release|x64.Build.0 = Release|x64
		{4D5BCAFD-BEC1-41D7-9311-AE3F9C813B75}.Release|x86.ActiveCfg = Release|x86
		{4D5BCAFD-BEC1-41D7-9311-AE3F9C813B75}.Release|x86.Build.0 = Release|x86
		{94AF155E-0622-4A8C-9539-1972F96F7583}.Debug|Any CPU.ActiveCfg = Debug|Any CPU
		{94AF155E-0622-4A8C-9539-1972F96F7583}.Debug|Any CPU.Build.0 = Debug|Any CPU
		{94AF155E-0622-4A8C-9539-1972F96F7583}.Debug|x64.ActiveCfg = Debug|x64
		{94AF155E-0622-4A8C-9539-1972F96F7583}.Debug|x64.Build.0 = Debug|x64
		{94AF155E-0622-4A8C-9539-1972F96F7583}.Debug|x86.ActiveCfg = Debug|x86
		{94AF155E-0622-4A8C-9539-1972F96F7583}.Debug|x86.Build.0 = Debug|x86
		{94AF155E-0622-4A8C-9539-1972F96F7583}.Release|Any CPU.ActiveCfg = Release|Any CPU
		{94AF155E-0622-4A8C-9539-1972F96F7583}.Release|Any CPU.Build.0 = Release|Any CPU
		{94AF155E-0622-4A8C-9539-1972F96F7583}.Release|x64.ActiveCfg = Release|x64
		{94AF155E-0622-4A8C-9539-1972F96F7583}.Release|x64.Build.0 = Release|x64
		{94AF155E-0622-4A8C-9539-1972F96F7583}.Release|x86.ActiveCfg = Release|x86
		{94AF155E-0622-4A8C-9539-1972F96F7583}.Release|x86.Build.0 = Release|x86
	EndGlobalSection
	GlobalSection(SolutionProperties) = preSolution
		HideSolutionNode = FALSE
	EndGlobalSection
	GlobalSection(NestedProjects) = preSolution
		{7980DAA5-281A-49DE-AFE5-F31A50759A37} = {FE883911-3D18-4C71-B682-B9847CCE2634}
		{C48B540D-3EB6-433A-A048-E1B84152DBFE} = {FE883911-3D18-4C71-B682-B9847CCE2634}
		{4D5BCAFD-BEC1-41D7-9311-AE3F9C813B75} = {73118EA4-2427-4522-8C8A-6C85B6C39CA6}
	EndGlobalSection
EndGlobal
